# generated by rye
# use `rye lock` or `rye sync` to update this lockfile
#
# last locked with the following flags:
#   pre: false
#   features: []
#   all-features: false
#   with-sources: false
#   generate-hashes: false

-e file:.
alembic==1.13.3
    # via myapp
exceptiongroup==1.2.2
    # via pytest
greenlet==3.1.1
    # via sqlalchemy
iniconfig==2.0.0
    # via pytest
mako==1.3.5
    # via alembic
markupsafe==2.1.5
    # via mako
packaging==24.1
    # via pytest
pluggy==1.5.0
    # via pytest
pymysql==1.1.1
    # via myapp
pytest==8.3.3
ruff==0.6.8
sqlalchemy==2.0.35
    # via alembic
tomli==2.0.1
    # via pytest
typing-extensions==4.12.2
    # via alembic
    # via sqlalchemy
